code.hybscloud.com/dwcas v0.1.5 h1:eTDWcCYUmF1F8HGN7d0I7CIh9uqq3fETTeO587gWwnM=
code.hybscloud.com/dwcas v0.1.5/go.mod h1:XgYaxFoiBGTTM1fBJLhuPuG2xRfohYWzX1MvNUmW7dY=
code.hybscloud.com/framer v0.1.5 h1:iSnjt24AzwZPOmSInv8aDJN/T1oyOSdN1cyvaYe6SYA=
code.hybscloud.com/framer v0.1.5/go.mod h1:YuNOHOsb51+czOomfGOKsvq1tfF+hXYWPavFIv9d39c=
code.hybscloud.com/iobuf v0.3.3 h1:yUrh+C7UIZidP21bfh1hFCY+oVoWj0OJoKDhIOlRJGk=
code.hybscloud.com/iobuf v0.3.3/go.mod h1:C1ItcRUC2JBkrLnnjlDbYzZzCPPO50BHPmeRmca69VQ=
code.hybscloud.com/iofd v0.3.6 h1:J6exBCWB7dW4m4CjiPjZ/D1nltQZiCu0PzHCJ3QktLI=
code.hybscloud.com/iofd v0.3.6/go.mod h1:pXenWykMhsY2hzthmZjA5rn7mhRujgk+6JxJIiYkX8k=
code.hybscloud.com/iox v0.3.6 h1:8NX2eemmEO1F4P+R0h4gL1YA22Zi+ljD/5TxLsOw2go=
code.hybscloud.com/iox v0.3.6/go.mod h1:LNxkaP3I0NWbnV2ia5zye8VMrk9kRCGbeIRZR2eGePA=
code.hybscloud.com/sock v0.3.3 h1:i96Y7C5ZBRblMb7yfLgIrRQ8NcsM78mW2byigkNFGog=
code.hybscloud.com/sock v0.3.3/go.mod h1:m51pCIw7TPGVI1wh0ajCbtXZ2IFkE98mE0nAInPQgPg=
code.hybscloud.com/spin v0.1.6 h1:r8C+yyzriTVrktdgQcSGJKZ8qJ+eORkVDxba95/cBIU=
code.hybscloud.com/spin v0.1.6/go.mod h1:BSOZ7kI43eIPohSVPQXZRf/KJYtRW3gJx82CwyLM64g=
code.hybscloud.com/zcall v0.4.4 h1:/+C9PqnhLSomS85gb3yKeDDDPqfp7z/U+r+fF3YXorQ=
code.hybscloud.com/zcall v0.4.4/go.mod h1:KvMSYCr1JbOj6y/WNeGKGY+a8+Q0hN1egbhSgAp+NqQ=
