code.hybscloud.com/dwcas v0.1.4 h1:twhAW4/O2SagaEyDm07u9OMaukGpfg0+id6nPAHoR9E=
code.hybscloud.com/dwcas v0.1.4/go.mod h1:XgYaxFoiBGTTM1fBJLhuPuG2xRfohYWzX1MvNUmW7dY=
code.hybscloud.com/framer v0.1.4 h1:qlX47R16bGX+Ts35wdrFBqVvxXoSKs018AzWJM+XC54=
code.hybscloud.com/framer v0.1.4/go.mod h1:xqw/V4xu9Lp9sIhuSnk0unqkct4VTdIJSafzBLazrgc=
code.hybscloud.com/iobuf v0.3.1 h1:v3FJGyD1PrnLGjH68NNvsugurSOxRwtAw+0fY7w4xEM=
code.hybscloud.com/iobuf v0.3.1/go.mod h1:6bp/JHdrA31nZYnhHVVRmN2Jpwm6A9Ynai0xtYMyBS4=
code.hybscloud.com/iofd v0.3.4 h1:RewH8MKtz0GUPaJZiEpssxJBzgS4V8J8iYowP8TVIts=
code.hybscloud.com/iofd v0.3.4/go.mod h1:BCt1A8Y9KzYuVesBVHVWYHfTxGdR8XFbTm6eq/nWu50=
code.hybscloud.com/iox v0.3.4 h1:2FMPyFH/AAkRAru/zKeo2oaIrmZgLdc4QDfVjKhGXCs=
code.hybscloud.com/iox v0.3.4/go.mod h1:LNxkaP3I0NWbnV2ia5zye8VMrk9kRCGbeIRZR2eGePA=
code.hybscloud.com/sock v0.2.2 h1:hX1PJ4P6uMmuSuSvygsPmbfpzdNERXKrza5fwnT6o+8=
code.hybscloud.com/sock v0.2.2/go.mod h1:mitXTQyqEm7H2w00jBr2RYmSibkilhpGLiw8d6oCwB0=
code.hybscloud.com/spin v0.1.5 h1:Xxi9mIMFmEl9JbCG8SEUnyfuNMT+6xdPu4twq8EqYK4=
code.hybscloud.com/spin v0.1.5/go.mod h1:BSOZ7kI43eIPohSVPQXZRf/KJYtRW3gJx82CwyLM64g=
code.hybscloud.com/zcall v0.3.1 h1:c4jaTy2aWsW8v2cyGw5FA/rbPBjPXwRuxVgsmnLGvak=
code.hybscloud.com/zcall v0.3.1/go.mod h1:KvMSYCr1JbOj6y/WNeGKGY+a8+Q0hN1egbhSgAp+NqQ=
